github.com/loxilb-io/loxilib v0.8.8 h1:nW6RvLXDQxr5Pe2Ygg7qyYm4QG5y5cG+/jQ4m/DckP4=
github.com/loxilb-io/loxilib v0.8.8/go.mod h1:LoQCxBz+N0fO9rGwRmPHrQPHol/jUf4MNpph63Cydkg=
github.com/loxilb-io/sctp v0.0.0-20230519081703-6d1baec82fd4 h1:oDc2lsbfuQEcVP3k+Pw4v6Xdm3t4M9vBc1Y9egszv6g=
github.com/loxilb-io/sctp v0.0.0-20230519081703-6d1baec82fd4/go.mod h1:1a6hv8ISVQhnW5IVpW9o+OL6BAFlWiVpC0O4d19g+wQ=
github.com/vishvananda/netns v0.0.0-20200728191858-db3c7e526aae h1:4hwBBUfQCFe3Cym0ZtKyq7L16eZUtYKs+BaHDN6mAns=
github.com/vishvananda/netns v0.0.0-20200728191858-db3c7e526aae/go.mod h1:DD4vA1DwXk04H54A1oHXtwZmA0grkVMdPxx/VGLCah0=
golang.org/x/net v0.10.0 h1:X2//UzNDwYmtCLn7To6G58Wr6f5ahEAQgKNzv9Y951M=
golang.org/x/net v0.10.0/go.mod h1:0qNGK6F8kojg2nk9dLZ2mShWaEBan6FAoqfSigmmuDg=
golang.org/x/sys v0.0.0-20200217220822-9197077df867/go.mod h1:h1NjWce9XRLGQEsW7wpKNCjG9DtNlClVuFLEZdDNbEs=
golang.org/x/sys v0.8.0 h1:EBmGv8NaZBZTWvrbjNoL6HVt+IVy3QDQpJs7VRIw3tU=
golang.org/x/sys v0.8.0/go.mod h1:oPkhp1MJrh7nUepCBck5+mAzfO9JrbApNNgaTdGDITg=
